// !$*UTF8*$!
{
	archiveVersion = 1;
	classes = {
	};
	objectVersion = 46;
	objects = {

/* Begin PBXBuildFile section */
		1AC6FB21180E996B004C840B /* libcocos2d Mac.a in Frameworks */ = {isa = PBXBuildFile; fileRef = 1AC6FAF9180E9839004C840B /* libcocos2d Mac.a */; };
		1AC6FB30180E99EB004C840B /* libcocos2d iOS.a in Frameworks */ = {isa = PBXBuildFile; fileRef = 1AC6FB07180E9839004C840B /* libcocos2d iOS.a */; };
		1D60589F0D05DD5A006BFB54 /* Foundation.framework in Frameworks */ = {isa = PBXBuildFile; fileRef = 1D30AB110D05D00D00671497 /* Foundation.framework */; };
		1DF5F4E00D08C38300B7A737 /* UIKit.framework in Frameworks */ = {isa = PBXBuildFile; fileRef = 1DF5F4DF0D08C38300B7A737 /* UIKit.framework */; };
		288765A50DF7441C002DB57D /* CoreGraphics.framework in Frameworks */ = {isa = PBXBuildFile; fileRef = 288765A40DF7441C002DB57D /* CoreGraphics.framework */; };
		2A4403C321A503E200F4C952 /* CoreText.framework in Frameworks */ = {isa = PBXBuildFile; fileRef = 2A4403C221A503E200F4C952 /* CoreText.framework */; };
		2A4403C421A526C200F4C952 /* back1.png in Resources */ = {isa = PBXBuildFile; fileRef = 2AEFBFBF21A43B2500A7D644 /* back1.png */; };
		2A4403C521A526C200F4C952 /* reset0.png in Resources */ = {isa = PBXBuildFile; fileRef = 2AEFBFC221A43B2600A7D644 /* reset0.png */; };
		2A4403C621A526C200F4C952 /* reset1.png in Resources */ = {isa = PBXBuildFile; fileRef = 2AEFBFBB21A43B2500A7D644 /* reset1.png */; };
		2A4403C721A526C200F4C952 /* undo0.png in Resources */ = {isa = PBXBuildFile; fileRef = 2AEFBFC021A43B2500A7D644 /* undo0.png */; };
		2A4403C821A526C200F4C952 /* undo1.png in Resources */ = {isa = PBXBuildFile; fileRef = 2AEFBFC121A43B2500A7D644 /* undo1.png */; };
		2AB8735121A57DCF00B02E02 /* ScreenLog.cpp in Sources */ = {isa = PBXBuildFile; fileRef = 2AB8734F21A57DCE00B02E02 /* ScreenLog.cpp */; };
		2AB8735221A57DD300B02E02 /* ScreenLog.cpp in Sources */ = {isa = PBXBuildFile; fileRef = 2AB8734F21A57DCE00B02E02 /* ScreenLog.cpp */; };
		2AEFBFC321A43B2600A7D644 /* reset1.png in Resources */ = {isa = PBXBuildFile; fileRef = 2AEFBFBB21A43B2500A7D644 /* reset1.png */; };
		2AEFBFC421A43B2600A7D644 /* back1.png in Resources */ = {isa = PBXBuildFile; fileRef = 2AEFBFBF21A43B2500A7D644 /* back1.png */; };
		2AEFBFC521A43B2600A7D644 /* undo0.png in Resources */ = {isa = PBXBuildFile; fileRef = 2AEFBFC021A43B2500A7D644 /* undo0.png */; };
		2AEFBFC621A43B2600A7D644 /* undo1.png in Resources */ = {isa = PBXBuildFile; fileRef = 2AEFBFC121A43B2500A7D644 /* undo1.png */; };
		2AEFBFC721A43B2600A7D644 /* reset0.png in Resources */ = {isa = PBXBuildFile; fileRef = 2AEFBFC221A43B2600A7D644 /* reset0.png */; };
		2AEFBFC921A43B4600A7D644 /* libiconv.tbd in Frameworks */ = {isa = PBXBuildFile; fileRef = 2AEFBFC821A43B4600A7D644 /* libiconv.tbd */; };
		2AEFBFCB21A43B5B00A7D644 /* libiconv.tbd in Frameworks */ = {isa = PBXBuildFile; fileRef = 2AEFBFCA21A43B5B00A7D644 /* libiconv.tbd */; };
		503AE0F817EB97AB00D1A890 /* Icon.icns in Resources */ = {isa = PBXBuildFile; fileRef = 503AE0F617EB97AB00D1A890 /* Icon.icns */; };
		503AE10017EB989F00D1A890 /* AppController.mm in Sources */ = {isa = PBXBuildFile; fileRef = 503AE0FB17EB989F00D1A890 /* AppController.mm */; };
		503AE10117EB989F00D1A890 /* main.m in Sources */ = {isa = PBXBuildFile; fileRef = 503AE0FC17EB989F00D1A890 /* main.m */; };
		503AE10217EB989F00D1A890 /* RootViewController.mm in Sources */ = {isa = PBXBuildFile; fileRef = 503AE0FF17EB989F00D1A890 /* RootViewController.mm */; };
		503AE10517EB98FF00D1A890 /* main.cpp in Sources */ = {isa = PBXBuildFile; fileRef = 503AE10317EB98FF00D1A890 /* main.cpp */; };
		503AE11B17EB9C5A00D1A890 /* IOKit.framework in Frameworks */ = {isa = PBXBuildFile; fileRef = 503AE11A17EB9C5A00D1A890 /* IOKit.framework */; };
		5087E76317EB910900C73F5D /* Foundation.framework in Frameworks */ = {isa = PBXBuildFile; fileRef = 1D30AB110D05D00D00671497 /* Foundation.framework */; };
		5087E76717EB910900C73F5D /* libz.dylib in Frameworks */ = {isa = PBXBuildFile; fileRef = BF170DB412928DE900B8313A /* libz.dylib */; };
		5087E76817EB910900C73F5D /* QuartzCore.framework in Frameworks */ = {isa = PBXBuildFile; fileRef = BF1C47EA1293683800B63C5D /* QuartzCore.framework */; };
		5087E76917EB910900C73F5D /* OpenAL.framework in Frameworks */ = {isa = PBXBuildFile; fileRef = D44C620B132DFF330009C878 /* OpenAL.framework */; };
		5087E76A17EB910900C73F5D /* AVFoundation.framework in Frameworks */ = {isa = PBXBuildFile; fileRef = D44C620D132DFF430009C878 /* AVFoundation.framework */; };
		5087E76B17EB910900C73F5D /* AudioToolbox.framework in Frameworks */ = {isa = PBXBuildFile; fileRef = D44C620F132DFF4E0009C878 /* AudioToolbox.framework */; };
		5087E77D17EB970100C73F5D /* Default-568h@2x.png in Resources */ = {isa = PBXBuildFile; fileRef = 5087E77217EB970100C73F5D /* Default-568h@2x.png */; };
		5087E77E17EB970100C73F5D /* Default.png in Resources */ = {isa = PBXBuildFile; fileRef = 5087E77317EB970100C73F5D /* Default.png */; };
		5087E77F17EB970100C73F5D /* Default@2x.png in Resources */ = {isa = PBXBuildFile; fileRef = 5087E77417EB970100C73F5D /* Default@2x.png */; };
		5087E78017EB970100C73F5D /* Icon-114.png in Resources */ = {isa = PBXBuildFile; fileRef = 5087E77517EB970100C73F5D /* Icon-114.png */; };
		5087E78117EB970100C73F5D /* Icon-120.png in Resources */ = {isa = PBXBuildFile; fileRef = 5087E77617EB970100C73F5D /* Icon-120.png */; };
		5087E78217EB970100C73F5D /* Icon-144.png in Resources */ = {isa = PBXBuildFile; fileRef = 5087E77717EB970100C73F5D /* Icon-144.png */; };
		5087E78317EB970100C73F5D /* Icon-152.png in Resources */ = {isa = PBXBuildFile; fileRef = 5087E77817EB970100C73F5D /* Icon-152.png */; };
		5087E78417EB970100C73F5D /* Icon-57.png in Resources */ = {isa = PBXBuildFile; fileRef = 5087E77917EB970100C73F5D /* Icon-57.png */; };
		5087E78517EB970100C73F5D /* Icon-72.png in Resources */ = {isa = PBXBuildFile; fileRef = 5087E77A17EB970100C73F5D /* Icon-72.png */; };
		5087E78617EB970100C73F5D /* Icon-76.png in Resources */ = {isa = PBXBuildFile; fileRef = 5087E77B17EB970100C73F5D /* Icon-76.png */; };
		5087E78917EB974C00C73F5D /* AppKit.framework in Frameworks */ = {isa = PBXBuildFile; fileRef = 5087E78817EB974C00C73F5D /* AppKit.framework */; };
		5087E78B17EB975400C73F5D /* OpenGL.framework in Frameworks */ = {isa = PBXBuildFile; fileRef = 5087E78A17EB975400C73F5D /* OpenGL.framework */; };
		50EF629617ECD46A001EB2F8 /* Icon-40.png in Resources */ = {isa = PBXBuildFile; fileRef = 50EF629217ECD46A001EB2F8 /* Icon-40.png */; };
		50EF629717ECD46A001EB2F8 /* Icon-58.png in Resources */ = {isa = PBXBuildFile; fileRef = 50EF629317ECD46A001EB2F8 /* Icon-58.png */; };
		50EF629817ECD46A001EB2F8 /* Icon-80.png in Resources */ = {isa = PBXBuildFile; fileRef = 50EF629417ECD46A001EB2F8 /* Icon-80.png */; };
		50EF629917ECD46A001EB2F8 /* Icon-100.png in Resources */ = {isa = PBXBuildFile; fileRef = 50EF629517ECD46A001EB2F8 /* Icon-100.png */; };
		50EF62A217ECD613001EB2F8 /* Icon-29.png in Resources */ = {isa = PBXBuildFile; fileRef = 50EF62A017ECD613001EB2F8 /* Icon-29.png */; };
		50EF62A317ECD613001EB2F8 /* Icon-50.png in Resources */ = {isa = PBXBuildFile; fileRef = 50EF62A117ECD613001EB2F8 /* Icon-50.png */; };
		521A8E6419F0C34300D177D7 /* Default-667h@2x.png in Resources */ = {isa = PBXBuildFile; fileRef = 521A8E6219F0C34300D177D7 /* Default-667h@2x.png */; };
		521A8E6519F0C34300D177D7 /* Default-736h@3x.png in Resources */ = {isa = PBXBuildFile; fileRef = 521A8E6319F0C34300D177D7 /* Default-736h@3x.png */; };
		52B47A471A53D09C004E4C60 /* Security.framework in Frameworks */ = {isa = PBXBuildFile; fileRef = 52B47A461A53D09B004E4C60 /* Security.framework */; };
		8262943E1AAF051F00CB7CF7 /* Security.framework in Frameworks */ = {isa = PBXBuildFile; fileRef = 8262943D1AAF051F00CB7CF7 /* Security.framework */; };
		BF171245129291EC00B8313A /* OpenGLES.framework in Frameworks */ = {isa = PBXBuildFile; fileRef = BF170DB012928DE900B8313A /* OpenGLES.framework */; };
		BF1712471292920000B8313A /* libz.dylib in Frameworks */ = {isa = PBXBuildFile; fileRef = BF170DB412928DE900B8313A /* libz.dylib */; };
		BF1C47F01293687400B63C5D /* QuartzCore.framework in Frameworks */ = {isa = PBXBuildFile; fileRef = BF1C47EA1293683800B63C5D /* QuartzCore.framework */; };
		CDDF1A3F1B5DC71E00ED7F03 /* AppDelegate.cpp in Sources */ = {isa = PBXBuildFile; fileRef = CDDF1A231B5DC71E00ED7F03 /* AppDelegate.cpp */; };
		CDDF1A401B5DC71E00ED7F03 /* CampaignData.cpp in Sources */ = {isa = PBXBuildFile; fileRef = CDDF1A251B5DC71E00ED7F03 /* CampaignData.cpp */; };
		CDDF1A411B5DC71E00ED7F03 /* CampaignScene.cpp in Sources */ = {isa = PBXBuildFile; fileRef = CDDF1A271B5DC71E00ED7F03 /* CampaignScene.cpp */; };
		CDDF1A421B5DC71E00ED7F03 /* GameController.cpp in Sources */ = {isa = PBXBuildFile; fileRef = CDDF1A2A1B5DC71E00ED7F03 /* GameController.cpp */; };
		CDDF1A431B5DC71E00ED7F03 /* MainScene.cpp in Sources */ = {isa = PBXBuildFile; fileRef = CDDF1A2D1B5DC71E00ED7F03 /* MainScene.cpp */; };
		CDDF1A441B5DC71E00ED7F03 /* NumberBar.cpp in Sources */ = {isa = PBXBuildFile; fileRef = CDDF1A2F1B5DC71E00ED7F03 /* NumberBar.cpp */; };
		CDDF1A451B5DC71E00ED7F03 /* RandomStageScene.cpp in Sources */ = {isa = PBXBuildFile; fileRef = CDDF1A311B5DC71E00ED7F03 /* RandomStageScene.cpp */; };
		CDDF1A461B5DC71E00ED7F03 /* RealTableView.cpp in Sources */ = {isa = PBXBuildFile; fileRef = CDDF1A331B5DC71E00ED7F03 /* RealTableView.cpp */; };
		CDDF1A471B5DC71E00ED7F03 /* StageData.cpp in Sources */ = {isa = PBXBuildFile; fileRef = CDDF1A351B5DC71E00ED7F03 /* StageData.cpp */; };
		CDDF1A481B5DC71E00ED7F03 /* StageScene.cpp in Sources */ = {isa = PBXBuildFile; fileRef = CDDF1A371B5DC71E00ED7F03 /* StageScene.cpp */; };
		CDDF1A491B5DC71E00ED7F03 /* SudokuBox.cpp in Sources */ = {isa = PBXBuildFile; fileRef = CDDF1A391B5DC71E00ED7F03 /* SudokuBox.cpp */; };
		CDDF1A4A1B5DC71E00ED7F03 /* SudokuUtil.cpp in Sources */ = {isa = PBXBuildFile; fileRef = CDDF1A3B1B5DC71E00ED7F03 /* SudokuUtil.cpp */; };
		CDDF1A4B1B5DC71E00ED7F03 /* VictoryLayer.cpp in Sources */ = {isa = PBXBuildFile; fileRef = CDDF1A3D1B5DC71E00ED7F03 /* VictoryLayer.cpp */; };
		CDDF1A4C1B5DCED900ED7F03 /* AppDelegate.cpp in Sources */ = {isa = PBXBuildFile; fileRef = CDDF1A231B5DC71E00ED7F03 /* AppDelegate.cpp */; };
		CDDF1A4E1B5DCED900ED7F03 /* CampaignData.cpp in Sources */ = {isa = PBXBuildFile; fileRef = CDDF1A251B5DC71E00ED7F03 /* CampaignData.cpp */; };
		CDDF1A501B5DCED900ED7F03 /* CampaignScene.cpp in Sources */ = {isa = PBXBuildFile; fileRef = CDDF1A271B5DC71E00ED7F03 /* CampaignScene.cpp */; };
		CDDF1A531B5DCED900ED7F03 /* GameController.cpp in Sources */ = {isa = PBXBuildFile; fileRef = CDDF1A2A1B5DC71E00ED7F03 /* GameController.cpp */; };
		CDDF1A561B5DCED900ED7F03 /* MainScene.cpp in Sources */ = {isa = PBXBuildFile; fileRef = CDDF1A2D1B5DC71E00ED7F03 /* MainScene.cpp */; };
		CDDF1A581B5DCED900ED7F03 /* NumberBar.cpp in Sources */ = {isa = PBXBuildFile; fileRef = CDDF1A2F1B5DC71E00ED7F03 /* NumberBar.cpp */; };
		CDDF1A5A1B5DCED900ED7F03 /* RandomStageScene.cpp in Sources */ = {isa = PBXBuildFile; fileRef = CDDF1A311B5DC71E00ED7F03 /* RandomStageScene.cpp */; };
		CDDF1A5C1B5DCED900ED7F03 /* RealTableView.cpp in Sources */ = {isa = PBXBuildFile; fileRef = CDDF1A331B5DC71E00ED7F03 /* RealTableView.cpp */; };
		CDDF1A5E1B5DCED900ED7F03 /* StageData.cpp in Sources */ = {isa = PBXBuildFile; fileRef = CDDF1A351B5DC71E00ED7F03 /* StageData.cpp */; };
		CDDF1A601B5DCED900ED7F03 /* StageScene.cpp in Sources */ = {isa = PBXBuildFile; fileRef = CDDF1A371B5DC71E00ED7F03 /* StageScene.cpp */; };
		CDDF1A621B5DCED900ED7F03 /* SudokuBox.cpp in Sources */ = {isa = PBXBuildFile; fileRef = CDDF1A391B5DC71E00ED7F03 /* SudokuBox.cpp */; };
		CDDF1A641B5DCED900ED7F03 /* SudokuUtil.cpp in Sources */ = {isa = PBXBuildFile; fileRef = CDDF1A3B1B5DC71E00ED7F03 /* SudokuUtil.cpp */; };
		CDDF1A661B5DCED900ED7F03 /* VictoryLayer.cpp in Sources */ = {isa = PBXBuildFile; fileRef = CDDF1A3D1B5DC71E00ED7F03 /* VictoryLayer.cpp */; };
		CDDF1AC71B5DD17F00ED7F03 /* animals.plist in Resources */ = {isa = PBXBuildFile; fileRef = CDDF1AAF1B5DD17F00ED7F03 /* animals.plist */; };
		CDDF1AC91B5DD17F00ED7F03 /* animals.png in Resources */ = {isa = PBXBuildFile; fileRef = CDDF1AB01B5DD17F00ED7F03 /* animals.png */; };
		CDDF1ACD1B5DD17F00ED7F03 /* btn-menu-0.png in Resources */ = {isa = PBXBuildFile; fileRef = CDDF1AB21B5DD17F00ED7F03 /* btn-menu-0.png */; };
		CDDF1ACF1B5DD17F00ED7F03 /* btn-menu-1.png in Resources */ = {isa = PBXBuildFile; fileRef = CDDF1AB31B5DD17F00ED7F03 /* btn-menu-1.png */; };
		CDDF1AD11B5DD17F00ED7F03 /* btn-menu-2.png in Resources */ = {isa = PBXBuildFile; fileRef = CDDF1AB41B5DD17F00ED7F03 /* btn-menu-2.png */; };
		CDDF1AD31B5DD17F00ED7F03 /* btn-stage-0.png in Resources */ = {isa = PBXBuildFile; fileRef = CDDF1AB51B5DD17F00ED7F03 /* btn-stage-0.png */; };
		CDDF1AD51B5DD17F00ED7F03 /* btn-stage-1.png in Resources */ = {isa = PBXBuildFile; fileRef = CDDF1AB61B5DD17F00ED7F03 /* btn-stage-1.png */; };
		CDDF1AD71B5DD17F00ED7F03 /* btn-stage-2.png in Resources */ = {isa = PBXBuildFile; fileRef = CDDF1AB71B5DD17F00ED7F03 /* btn-stage-2.png */; };
		CDDF1AD91B5DD17F00ED7F03 /* close.png in Resources */ = {isa = PBXBuildFile; fileRef = CDDF1AB81B5DD17F00ED7F03 /* close.png */; };
		CDDF1ADB1B5DD17F00ED7F03 /* data in Resources */ = {isa = PBXBuildFile; fileRef = CDDF1AB91B5DD17F00ED7F03 /* data */; };
		CDDF1ADD1B5DD17F00ED7F03 /* finished.png in Resources */ = {isa = PBXBuildFile; fileRef = CDDF1ABA1B5DD17F00ED7F03 /* finished.png */; };
		CDDF1ADF1B5DD17F00ED7F03 /* fonts in Resources */ = {isa = PBXBuildFile; fileRef = CDDF1ABB1B5DD17F00ED7F03 /* fonts */; };
		CDDF1AE11B5DD17F00ED7F03 /* fruits.plist in Resources */ = {isa = PBXBuildFile; fileRef = CDDF1ABC1B5DD17F00ED7F03 /* fruits.plist */; };
		CDDF1AE31B5DD17F00ED7F03 /* fruits.png in Resources */ = {isa = PBXBuildFile; fileRef = CDDF1ABD1B5DD17F00ED7F03 /* fruits.png */; };
		CDDF1AE51B5DD17F00ED7F03 /* left-0.png in Resources */ = {isa = PBXBuildFile; fileRef = CDDF1ABE1B5DD17F00ED7F03 /* left-0.png */; };
		CDDF1AE71B5DD17F00ED7F03 /* left-1.png in Resources */ = {isa = PBXBuildFile; fileRef = CDDF1ABF1B5DD17F00ED7F03 /* left-1.png */; };
		CDDF1AE91B5DD17F00ED7F03 /* numbers.plist in Resources */ = {isa = PBXBuildFile; fileRef = CDDF1AC01B5DD17F00ED7F03 /* numbers.plist */; };
		CDDF1AEB1B5DD17F00ED7F03 /* numbers.png in Resources */ = {isa = PBXBuildFile; fileRef = CDDF1AC11B5DD17F00ED7F03 /* numbers.png */; };
		CDDF1AED1B5DD17F00ED7F03 /* res in Resources */ = {isa = PBXBuildFile; fileRef = CDDF1AC21B5DD17F00ED7F03 /* res */; };
		CDDF1AF11B5DD17F00ED7F03 /* right-0.png in Resources */ = {isa = PBXBuildFile; fileRef = CDDF1AC41B5DD17F00ED7F03 /* right-0.png */; };
		CDDF1AF31B5DD17F00ED7F03 /* right-1.png in Resources */ = {isa = PBXBuildFile; fileRef = CDDF1AC51B5DD17F00ED7F03 /* right-1.png */; };
		CDDF1AF71B5DD25500ED7F03 /* animals.plist in Resources */ = {isa = PBXBuildFile; fileRef = CDDF1AAF1B5DD17F00ED7F03 /* animals.plist */; };
		CDDF1AF81B5DD25500ED7F03 /* animals.png in Resources */ = {isa = PBXBuildFile; fileRef = CDDF1AB01B5DD17F00ED7F03 /* animals.png */; };
		CDDF1AFA1B5DD25500ED7F03 /* btn-menu-0.png in Resources */ = {isa = PBXBuildFile; fileRef = CDDF1AB21B5DD17F00ED7F03 /* btn-menu-0.png */; };
		CDDF1AFB1B5DD25500ED7F03 /* btn-menu-1.png in Resources */ = {isa = PBXBuildFile; fileRef = CDDF1AB31B5DD17F00ED7F03 /* btn-menu-1.png */; };
		CDDF1AFC1B5DD25500ED7F03 /* btn-menu-2.png in Resources */ = {isa = PBXBuildFile; fileRef = CDDF1AB41B5DD17F00ED7F03 /* btn-menu-2.png */; };
		CDDF1AFD1B5DD25500ED7F03 /* btn-stage-0.png in Resources */ = {isa = PBXBuildFile; fileRef = CDDF1AB51B5DD17F00ED7F03 /* btn-stage-0.png */; };
		CDDF1AFE1B5DD25500ED7F03 /* btn-stage-1.png in Resources */ = {isa = PBXBuildFile; fileRef = CDDF1AB61B5DD17F00ED7F03 /* btn-stage-1.png */; };
		CDDF1AFF1B5DD25500ED7F03 /* btn-stage-2.png in Resources */ = {isa = PBXBuildFile; fileRef = CDDF1AB71B5DD17F00ED7F03 /* btn-stage-2.png */; };
		CDDF1B001B5DD25500ED7F03 /* close.png in Resources */ = {isa = PBXBuildFile; fileRef = CDDF1AB81B5DD17F00ED7F03 /* close.png */; };
		CDDF1B011B5DD25500ED7F03 /* data in Resources */ = {isa = PBXBuildFile; fileRef = CDDF1AB91B5DD17F00ED7F03 /* data */; };
		CDDF1B021B5DD25500ED7F03 /* finished.png in Resources */ = {isa = PBXBuildFile; fileRef = CDDF1ABA1B5DD17F00ED7F03 /* finished.png */; };
		CDDF1B031B5DD25500ED7F03 /* fonts in Resources */ = {isa = PBXBuildFile; fileRef = CDDF1ABB1B5DD17F00ED7F03 /* fonts */; };
		CDDF1B041B5DD25500ED7F03 /* fruits.plist in Resources */ = {isa = PBXBuildFile; fileRef = CDDF1ABC1B5DD17F00ED7F03 /* fruits.plist */; };
		CDDF1B051B5DD25500ED7F03 /* fruits.png in Resources */ = {isa = PBXBuildFile; fileRef = CDDF1ABD1B5DD17F00ED7F03 /* fruits.png */; };
		CDDF1B061B5DD25500ED7F03 /* left-0.png in Resources */ = {isa = PBXBuildFile; fileRef = CDDF1ABE1B5DD17F00ED7F03 /* left-0.png */; };
		CDDF1B071B5DD25500ED7F03 /* left-1.png in Resources */ = {isa = PBXBuildFile; fileRef = CDDF1ABF1B5DD17F00ED7F03 /* left-1.png */; };
		CDDF1B081B5DD25500ED7F03 /* numbers.plist in Resources */ = {isa = PBXBuildFile; fileRef = CDDF1AC01B5DD17F00ED7F03 /* numbers.plist */; };
		CDDF1B091B5DD25500ED7F03 /* numbers.png in Resources */ = {isa = PBXBuildFile; fileRef = CDDF1AC11B5DD17F00ED7F03 /* numbers.png */; };
		CDDF1B0A1B5DD25500ED7F03 /* res in Resources */ = {isa = PBXBuildFile; fileRef = CDDF1AC21B5DD17F00ED7F03 /* res */; };
		CDDF1B0C1B5DD25500ED7F03 /* right-0.png in Resources */ = {isa = PBXBuildFile; fileRef = CDDF1AC41B5DD17F00ED7F03 /* right-0.png */; };
		CDDF1B0D1B5DD25500ED7F03 /* right-1.png in Resources */ = {isa = PBXBuildFile; fileRef = CDDF1AC51B5DD17F00ED7F03 /* right-1.png */; };
		D44C620C132DFF330009C878 /* OpenAL.framework in Frameworks */ = {isa = PBXBuildFile; fileRef = D44C620B132DFF330009C878 /* OpenAL.framework */; };
		D44C620E132DFF430009C878 /* AVFoundation.framework in Frameworks */ = {isa = PBXBuildFile; fileRef = D44C620D132DFF430009C878 /* AVFoundation.framework */; };
		D44C6210132DFF4E0009C878 /* AudioToolbox.framework in Frameworks */ = {isa = PBXBuildFile; fileRef = D44C620F132DFF4E0009C878 /* AudioToolbox.framework */; };
		D6B0611B1803AB670077942B /* CoreMotion.framework in Frameworks */ = {isa = PBXBuildFile; fileRef = D6B0611A1803AB670077942B /* CoreMotion.framework */; };
/* End PBXBuildFile section */

/* Begin PBXContainerItemProxy section */
		1AC6FAF8180E9839004C840B /* PBXContainerItemProxy */ = {
			isa = PBXContainerItemProxy;
			containerPortal = 1AC6FAE5180E9839004C840B /* cocos2d_libs.xcodeproj */;
			proxyType = 2;
			remoteGlobalIDString = 1551A33F158F2AB200E66CFE;
			remoteInfo = "cocos2dx Mac";
		};
		1AC6FB06180E9839004C840B /* PBXContainerItemProxy */ = {
			isa = PBXContainerItemProxy;
			containerPortal = 1AC6FAE5180E9839004C840B /* cocos2d_libs.xcodeproj */;
			proxyType = 2;
			remoteGlobalIDString = A07A4D641783777C0073F6A7;
			remoteInfo = "cocos2dx iOS";
		};
		1AC6FB15180E9959004C840B /* PBXContainerItemProxy */ = {
			isa = PBXContainerItemProxy;
			containerPortal = 1AC6FAE5180E9839004C840B /* cocos2d_libs.xcodeproj */;
			proxyType = 1;
			remoteGlobalIDString = 1551A33E158F2AB200E66CFE;
			remoteInfo = "cocos2dx Mac";
		};
		1AC6FB24180E99E1004C840B /* PBXContainerItemProxy */ = {
			isa = PBXContainerItemProxy;
			containerPortal = 1AC6FAE5180E9839004C840B /* cocos2d_libs.xcodeproj */;
			proxyType = 1;
			remoteGlobalIDString = A07A4C241783777C0073F6A7;
			remoteInfo = "cocos2dx iOS";
		};
		2AEFBFBD21A43B2500A7D644 /* PBXContainerItemProxy */ = {
			isa = PBXContainerItemProxy;
			containerPortal = 1AC6FAE5180E9839004C840B /* cocos2d_libs.xcodeproj */;
			proxyType = 2;
			remoteGlobalIDString = 507B40FD1C31BDD30067B53E;
			remoteInfo = "libcocos2d tvOS";
		};
/* End PBXContainerItemProxy section */

/* Begin PBXFileReference section */
		1AC6FAE5180E9839004C840B /* cocos2d_libs.xcodeproj */ = {isa = PBXFileReference; lastKnownFileType = "wrapper.pb-project"; name = cocos2d_libs.xcodeproj; path = ../cocos2d/build/cocos2d_libs.xcodeproj; sourceTree = "<group>"; };
		1ACB3243164770DE00914215 /* libcurl.a */ = {isa = PBXFileReference; lastKnownFileType = archive.ar; name = libcurl.a; path = ../../cocos2dx/platform/third_party/ios/libraries/libcurl.a; sourceTree = "<group>"; };
		1D30AB110D05D00D00671497 /* Foundation.framework */ = {isa = PBXFileReference; lastKnownFileType = wrapper.framework; name = Foundation.framework; path = System/Library/Frameworks/Foundation.framework; sourceTree = SDKROOT; };
		1D6058910D05DD3D006BFB54 /* kidsudoku_cpp iOS.app */ = {isa = PBXFileReference; explicitFileType = wrapper.application; includeInIndex = 0; path = "kidsudoku_cpp iOS.app"; sourceTree = BUILT_PRODUCTS_DIR; };
		1DF5F4DF0D08C38300B7A737 /* UIKit.framework */ = {isa = PBXFileReference; lastKnownFileType = wrapper.framework; name = UIKit.framework; path = System/Library/Frameworks/UIKit.framework; sourceTree = SDKROOT; };
		288765A40DF7441C002DB57D /* CoreGraphics.framework */ = {isa = PBXFileReference; lastKnownFileType = wrapper.framework; name = CoreGraphics.framework; path = System/Library/Frameworks/CoreGraphics.framework; sourceTree = SDKROOT; };
		2A4403C221A503E200F4C952 /* CoreText.framework */ = {isa = PBXFileReference; lastKnownFileType = wrapper.framework; name = CoreText.framework; path = Platforms/iPhoneOS.platform/Developer/SDKs/iPhoneOS12.1.sdk/System/Library/Frameworks/CoreText.framework; sourceTree = DEVELOPER_DIR; };
		2AB8734F21A57DCE00B02E02 /* ScreenLog.cpp */ = {isa = PBXFileReference; fileEncoding = 4; lastKnownFileType = sourcecode.cpp.cpp; path = ScreenLog.cpp; sourceTree = "<group>"; };
		2AB8735021A57DCF00B02E02 /* ScreenLog.h */ = {isa = PBXFileReference; fileEncoding = 4; lastKnownFileType = sourcecode.c.h; path = ScreenLog.h; sourceTree = "<group>"; };
		2AEFBFBB21A43B2500A7D644 /* reset1.png */ = {isa = PBXFileReference; lastKnownFileType = image.png; path = reset1.png; sourceTree = "<group>"; };
		2AEFBFBF21A43B2500A7D644 /* back1.png */ = {isa = PBXFileReference; lastKnownFileType = image.png; path = back1.png; sourceTree = "<group>"; };
		2AEFBFC021A43B2500A7D644 /* undo0.png */ = {isa = PBXFileReference; lastKnownFileType = image.png; path = undo0.png; sourceTree = "<group>"; };
		2AEFBFC121A43B2500A7D644 /* undo1.png */ = {isa = PBXFileReference; lastKnownFileType = image.png; path = undo1.png; sourceTree = "<group>"; };
		2AEFBFC221A43B2600A7D644 /* reset0.png */ = {isa = PBXFileReference; lastKnownFileType = image.png; path = reset0.png; sourceTree = "<group>"; };
		2AEFBFC821A43B4600A7D644 /* libiconv.tbd */ = {isa = PBXFileReference; lastKnownFileType = "sourcecode.text-based-dylib-definition"; name = libiconv.tbd; path = Platforms/iPhoneOS.platform/Developer/SDKs/iPhoneOS12.1.sdk/usr/lib/libiconv.tbd; sourceTree = DEVELOPER_DIR; };
		2AEFBFCA21A43B5B00A7D644 /* libiconv.tbd */ = {isa = PBXFileReference; lastKnownFileType = "sourcecode.text-based-dylib-definition"; name = libiconv.tbd; path = usr/lib/libiconv.tbd; sourceTree = SDKROOT; };
		503AE0F617EB97AB00D1A890 /* Icon.icns */ = {isa = PBXFileReference; lastKnownFileType = image.icns; path = Icon.icns; sourceTree = "<group>"; };
		503AE0F717EB97AB00D1A890 /* Info.plist */ = {isa = PBXFileReference; fileEncoding = 4; lastKnownFileType = text.plist.xml; path = Info.plist; sourceTree = "<group>"; };
		503AE0FA17EB989F00D1A890 /* AppController.h */ = {isa = PBXFileReference; fileEncoding = 4; lastKnownFileType = sourcecode.c.h; name = AppController.h; path = ios/AppController.h; sourceTree = SOURCE_ROOT; };
		503AE0FB17EB989F00D1A890 /* AppController.mm */ = {isa = PBXFileReference; fileEncoding = 4; lastKnownFileType = sourcecode.cpp.objcpp; name = AppController.mm; path = ios/AppController.mm; sourceTree = SOURCE_ROOT; };
		503AE0FC17EB989F00D1A890 /* main.m */ = {isa = PBXFileReference; fileEncoding = 4; lastKnownFileType = sourcecode.c.objc; name = main.m; path = ios/main.m; sourceTree = SOURCE_ROOT; };
		503AE0FD17EB989F00D1A890 /* Prefix.pch */ = {isa = PBXFileReference; fileEncoding = 4; lastKnownFileType = sourcecode.c.h; name = Prefix.pch; path = ios/Prefix.pch; sourceTree = SOURCE_ROOT; };
		503AE0FE17EB989F00D1A890 /* RootViewController.h */ = {isa = PBXFileReference; fileEncoding = 4; lastKnownFileType = sourcecode.c.h; name = RootViewController.h; path = ios/RootViewController.h; sourceTree = SOURCE_ROOT; };
		503AE0FF17EB989F00D1A890 /* RootViewController.mm */ = {isa = PBXFileReference; fileEncoding = 4; lastKnownFileType = sourcecode.cpp.objcpp; name = RootViewController.mm; path = ios/RootViewController.mm; sourceTree = SOURCE_ROOT; };
		503AE10317EB98FF00D1A890 /* main.cpp */ = {isa = PBXFileReference; fileEncoding = 4; lastKnownFileType = sourcecode.cpp.cpp; name = main.cpp; path = mac/main.cpp; sourceTree = "<group>"; };
		503AE10417EB98FF00D1A890 /* Prefix.pch */ = {isa = PBXFileReference; fileEncoding = 4; lastKnownFileType = sourcecode.c.h; name = Prefix.pch; path = mac/Prefix.pch; sourceTree = "<group>"; };
		503AE11117EB99EE00D1A890 /* libcurl.dylib */ = {isa = PBXFileReference; lastKnownFileType = "compiled.mach-o.dylib"; name = libcurl.dylib; path = usr/lib/libcurl.dylib; sourceTree = SDKROOT; };
		503AE11A17EB9C5A00D1A890 /* IOKit.framework */ = {isa = PBXFileReference; lastKnownFileType = wrapper.framework; name = IOKit.framework; path = System/Library/Frameworks/IOKit.framework; sourceTree = SDKROOT; };
		5087E76F17EB910900C73F5D /* kidsudoku_cpp Mac.app */ = {isa = PBXFileReference; explicitFileType = wrapper.application; includeInIndex = 0; path = "kidsudoku_cpp Mac.app"; sourceTree = BUILT_PRODUCTS_DIR; };
		5087E77217EB970100C73F5D /* Default-568h@2x.png */ = {isa = PBXFileReference; lastKnownFileType = image.png; path = "Default-568h@2x.png"; sourceTree = "<group>"; };
		5087E77317EB970100C73F5D /* Default.png */ = {isa = PBXFileReference; lastKnownFileType = image.png; path = Default.png; sourceTree = "<group>"; };
		5087E77417EB970100C73F5D /* Default@2x.png */ = {isa = PBXFileReference; lastKnownFileType = image.png; path = "Default@2x.png"; sourceTree = "<group>"; };
		5087E77517EB970100C73F5D /* Icon-114.png */ = {isa = PBXFileReference; lastKnownFileType = image.png; path = "Icon-114.png"; sourceTree = "<group>"; };
		5087E77617EB970100C73F5D /* Icon-120.png */ = {isa = PBXFileReference; lastKnownFileType = image.png; path = "Icon-120.png"; sourceTree = "<group>"; };
		5087E77717EB970100C73F5D /* Icon-144.png */ = {isa = PBXFileReference; lastKnownFileType = image.png; path = "Icon-144.png"; sourceTree = "<group>"; };
		5087E77817EB970100C73F5D /* Icon-152.png */ = {isa = PBXFileReference; lastKnownFileType = image.png; path = "Icon-152.png"; sourceTree = "<group>"; };
		5087E77917EB970100C73F5D /* Icon-57.png */ = {isa = PBXFileReference; lastKnownFileType = image.png; path = "Icon-57.png"; sourceTree = "<group>"; };
		5087E77A17EB970100C73F5D /* Icon-72.png */ = {isa = PBXFileReference; lastKnownFileType = image.png; path = "Icon-72.png"; sourceTree = "<group>"; };
		5087E77B17EB970100C73F5D /* Icon-76.png */ = {isa = PBXFileReference; lastKnownFileType = image.png; path = "Icon-76.png"; sourceTree = "<group>"; };
		5087E77C17EB970100C73F5D /* Info.plist */ = {isa = PBXFileReference; fileEncoding = 4; lastKnownFileType = text.plist.xml; path = Info.plist; sourceTree = "<group>"; };
		5087E78817EB974C00C73F5D /* AppKit.framework */ = {isa = PBXFileReference; lastKnownFileType = wrapper.framework; name = AppKit.framework; path = System/Library/Frameworks/AppKit.framework; sourceTree = SDKROOT; };
		5087E78A17EB975400C73F5D /* OpenGL.framework */ = {isa = PBXFileReference; lastKnownFileType = wrapper.framework; name = OpenGL.framework; path = System/Library/Frameworks/OpenGL.framework; sourceTree = SDKROOT; };
		50EF629217ECD46A001EB2F8 /* Icon-40.png */ = {isa = PBXFileReference; lastKnownFileType = image.png; path = "Icon-40.png"; sourceTree = "<group>"; };
		50EF629317ECD46A001EB2F8 /* Icon-58.png */ = {isa = PBXFileReference; lastKnownFileType = image.png; path = "Icon-58.png"; sourceTree = "<group>"; };
		50EF629417ECD46A001EB2F8 /* Icon-80.png */ = {isa = PBXFileReference; lastKnownFileType = image.png; path = "Icon-80.png"; sourceTree = "<group>"; };
		50EF629517ECD46A001EB2F8 /* Icon-100.png */ = {isa = PBXFileReference; lastKnownFileType = image.png; path = "Icon-100.png"; sourceTree = "<group>"; };
		50EF62A017ECD613001EB2F8 /* Icon-29.png */ = {isa = PBXFileReference; lastKnownFileType = image.png; path = "Icon-29.png"; sourceTree = "<group>"; };
		50EF62A117ECD613001EB2F8 /* Icon-50.png */ = {isa = PBXFileReference; lastKnownFileType = image.png; path = "Icon-50.png"; sourceTree = "<group>"; };
		521A8E6219F0C34300D177D7 /* Default-667h@2x.png */ = {isa = PBXFileReference; lastKnownFileType = image.png; path = "Default-667h@2x.png"; sourceTree = "<group>"; };
		521A8E6319F0C34300D177D7 /* Default-736h@3x.png */ = {isa = PBXFileReference; lastKnownFileType = image.png; path = "Default-736h@3x.png"; sourceTree = "<group>"; };
		52B47A461A53D09B004E4C60 /* Security.framework */ = {isa = PBXFileReference; lastKnownFileType = wrapper.framework; name = Security.framework; path = Platforms/iPhoneOS.platform/Developer/SDKs/iPhoneOS8.1.sdk/System/Library/Frameworks/Security.framework; sourceTree = DEVELOPER_DIR; };
		8262943D1AAF051F00CB7CF7 /* Security.framework */ = {isa = PBXFileReference; lastKnownFileType = wrapper.framework; name = Security.framework; path = System/Library/Frameworks/Security.framework; sourceTree = SDKROOT; };
		BF170DB012928DE900B8313A /* OpenGLES.framework */ = {isa = PBXFileReference; lastKnownFileType = wrapper.framework; name = OpenGLES.framework; path = System/Library/Frameworks/OpenGLES.framework; sourceTree = SDKROOT; };
		BF170DB412928DE900B8313A /* libz.dylib */ = {isa = PBXFileReference; lastKnownFileType = "compiled.mach-o.dylib"; name = libz.dylib; path = usr/lib/libz.dylib; sourceTree = SDKROOT; };
		BF1C47EA1293683800B63C5D /* QuartzCore.framework */ = {isa = PBXFileReference; lastKnownFileType = wrapper.framework; name = QuartzCore.framework; path = System/Library/Frameworks/QuartzCore.framework; sourceTree = SDKROOT; };
		CDDF1A231B5DC71E00ED7F03 /* AppDelegate.cpp */ = {isa = PBXFileReference; fileEncoding = 4; lastKnownFileType = sourcecode.cpp.cpp; path = AppDelegate.cpp; sourceTree = "<group>"; };
		CDDF1A241B5DC71E00ED7F03 /* AppDelegate.h */ = {isa = PBXFileReference; fileEncoding = 4; lastKnownFileType = sourcecode.c.h; path = AppDelegate.h; sourceTree = "<group>"; };
		CDDF1A251B5DC71E00ED7F03 /* CampaignData.cpp */ = {isa = PBXFileReference; fileEncoding = 4; lastKnownFileType = sourcecode.cpp.cpp; path = CampaignData.cpp; sourceTree = "<group>"; };
		CDDF1A261B5DC71E00ED7F03 /* CampaignData.h */ = {isa = PBXFileReference; fileEncoding = 4; lastKnownFileType = sourcecode.c.h; path = CampaignData.h; sourceTree = "<group>"; };
		CDDF1A271B5DC71E00ED7F03 /* CampaignScene.cpp */ = {isa = PBXFileReference; fileEncoding = 4; lastKnownFileType = sourcecode.cpp.cpp; path = CampaignScene.cpp; sourceTree = "<group>"; };
		CDDF1A281B5DC71E00ED7F03 /* CampaignScene.h */ = {isa = PBXFileReference; fileEncoding = 4; lastKnownFileType = sourcecode.c.h; path = CampaignScene.h; sourceTree = "<group>"; };
		CDDF1A291B5DC71E00ED7F03 /* Const.h */ = {isa = PBXFileReference; fileEncoding = 4; lastKnownFileType = sourcecode.c.h; path = Const.h; sourceTree = "<group>"; };
		CDDF1A2A1B5DC71E00ED7F03 /* GameController.cpp */ = {isa = PBXFileReference; fileEncoding = 4; lastKnownFileType = sourcecode.cpp.cpp; path = GameController.cpp; sourceTree = "<group>"; };
		CDDF1A2B1B5DC71E00ED7F03 /* GameController.h */ = {isa = PBXFileReference; fileEncoding = 4; lastKnownFileType = sourcecode.c.h; path = GameController.h; sourceTree = "<group>"; };
		CDDF1A2C1B5DC71E00ED7F03 /* Lock.h */ = {isa = PBXFileReference; fileEncoding = 4; lastKnownFileType = sourcecode.c.h; path = Lock.h; sourceTree = "<group>"; };
		CDDF1A2D1B5DC71E00ED7F03 /* MainScene.cpp */ = {isa = PBXFileReference; fileEncoding = 4; lastKnownFileType = sourcecode.cpp.cpp; path = MainScene.cpp; sourceTree = "<group>"; };
		CDDF1A2E1B5DC71E00ED7F03 /* MainScene.h */ = {isa = PBXFileReference; fileEncoding = 4; lastKnownFileType = sourcecode.c.h; path = MainScene.h; sourceTree = "<group>"; };
		CDDF1A2F1B5DC71E00ED7F03 /* NumberBar.cpp */ = {isa = PBXFileReference; fileEncoding = 4; lastKnownFileType = sourcecode.cpp.cpp; path = NumberBar.cpp; sourceTree = "<group>"; };
		CDDF1A301B5DC71E00ED7F03 /* NumberBar.h */ = {isa = PBXFileReference; fileEncoding = 4; lastKnownFileType = sourcecode.c.h; path = NumberBar.h; sourceTree = "<group>"; };
		CDDF1A311B5DC71E00ED7F03 /* RandomStageScene.cpp */ = {isa = PBXFileReference; fileEncoding = 4; lastKnownFileType = sourcecode.cpp.cpp; path = RandomStageScene.cpp; sourceTree = "<group>"; };
		CDDF1A321B5DC71E00ED7F03 /* RandomStageScene.h */ = {isa = PBXFileReference; fileEncoding = 4; lastKnownFileType = sourcecode.c.h; path = RandomStageScene.h; sourceTree = "<group>"; };
		CDDF1A331B5DC71E00ED7F03 /* RealTableView.cpp */ = {isa = PBXFileReference; fileEncoding = 4; lastKnownFileType = sourcecode.cpp.cpp; path = RealTableView.cpp; sourceTree = "<group>"; };
		CDDF1A341B5DC71E00ED7F03 /* RealTableView.h */ = {isa = PBXFileReference; fileEncoding = 4; lastKnownFileType = sourcecode.c.h; path = RealTableView.h; sourceTree = "<group>"; };
		CDDF1A351B5DC71E00ED7F03 /* StageData.cpp */ = {isa = PBXFileReference; fileEncoding = 4; lastKnownFileType = sourcecode.cpp.cpp; path = StageData.cpp; sourceTree = "<group>"; };
		CDDF1A361B5DC71E00ED7F03 /* StageData.h */ = {isa = PBXFileReference; fileEncoding = 4; lastKnownFileType = sourcecode.c.h; path = StageData.h; sourceTree = "<group>"; };
		CDDF1A371B5DC71E00ED7F03 /* StageScene.cpp */ = {isa = PBXFileReference; fileEncoding = 4; lastKnownFileType = sourcecode.cpp.cpp; path = StageScene.cpp; sourceTree = "<group>"; };
		CDDF1A381B5DC71E00ED7F03 /* StageScene.h */ = {isa = PBXFileReference; fileEncoding = 4; lastKnownFileType = sourcecode.c.h; path = StageScene.h; sourceTree = "<group>"; };
		CDDF1A391B5DC71E00ED7F03 /* SudokuBox.cpp */ = {isa = PBXFileReference; fileEncoding = 4; lastKnownFileType = sourcecode.cpp.cpp; path = SudokuBox.cpp; sourceTree = "<group>"; };
		CDDF1A3A1B5DC71E00ED7F03 /* SudokuBox.h */ = {isa = PBXFileReference; fileEncoding = 4; lastKnownFileType = sourcecode.c.h; path = SudokuBox.h; sourceTree = "<group>"; };
		CDDF1A3B1B5DC71E00ED7F03 /* SudokuUtil.cpp */ = {isa = PBXFileReference; fileEncoding = 4; lastKnownFileType = sourcecode.cpp.cpp; path = SudokuUtil.cpp; sourceTree = "<group>"; };
		CDDF1A3C1B5DC71E00ED7F03 /* SudokuUtil.h */ = {isa = PBXFileReference; fileEncoding = 4; lastKnownFileType = sourcecode.c.h; path = SudokuUtil.h; sourceTree = "<group>"; };
		CDDF1A3D1B5DC71E00ED7F03 /* VictoryLayer.cpp */ = {isa = PBXFileReference; fileEncoding = 4; lastKnownFileType = sourcecode.cpp.cpp; path = VictoryLayer.cpp; sourceTree = "<group>"; };
		CDDF1A3E1B5DC71E00ED7F03 /* VictoryLayer.h */ = {isa = PBXFileReference; fileEncoding = 4; lastKnownFileType = sourcecode.c.h; path = VictoryLayer.h; sourceTree = "<group>"; };
		CDDF1AAF1B5DD17F00ED7F03 /* animals.plist */ = {isa = PBXFileReference; fileEncoding = 4; lastKnownFileType = text.plist.xml; path = animals.plist; sourceTree = "<group>"; };
		CDDF1AB01B5DD17F00ED7F03 /* animals.png */ = {isa = PBXFileReference; lastKnownFileType = image.png; path = animals.png; sourceTree = "<group>"; };
		CDDF1AB21B5DD17F00ED7F03 /* btn-menu-0.png */ = {isa = PBXFileReference; lastKnownFileType = image.png; path = "btn-menu-0.png"; sourceTree = "<group>"; };
		CDDF1AB31B5DD17F00ED7F03 /* btn-menu-1.png */ = {isa = PBXFileReference; lastKnownFileType = image.png; path = "btn-menu-1.png"; sourceTree = "<group>"; };
		CDDF1AB41B5DD17F00ED7F03 /* btn-menu-2.png */ = {isa = PBXFileReference; lastKnownFileType = image.png; path = "btn-menu-2.png"; sourceTree = "<group>"; };
		CDDF1AB51B5DD17F00ED7F03 /* btn-stage-0.png */ = {isa = PBXFileReference; lastKnownFileType = image.png; path = "btn-stage-0.png"; sourceTree = "<group>"; };
		CDDF1AB61B5DD17F00ED7F03 /* btn-stage-1.png */ = {isa = PBXFileReference; lastKnownFileType = image.png; path = "btn-stage-1.png"; sourceTree = "<group>"; };
		CDDF1AB71B5DD17F00ED7F03 /* btn-stage-2.png */ = {isa = PBXFileReference; lastKnownFileType = image.png; path = "btn-stage-2.png"; sourceTree = "<group>"; };
		CDDF1AB81B5DD17F00ED7F03 /* close.png */ = {isa = PBXFileReference; lastKnownFileType = image.png; path = close.png; sourceTree = "<group>"; };
		CDDF1AB91B5DD17F00ED7F03 /* data */ = {isa = PBXFileReference; lastKnownFileType = folder; path = data; sourceTree = "<group>"; };
		CDDF1ABA1B5DD17F00ED7F03 /* finished.png */ = {isa = PBXFileReference; lastKnownFileType = image.png; path = finished.png; sourceTree = "<group>"; };
		CDDF1ABB1B5DD17F00ED7F03 /* fonts */ = {isa = PBXFileReference; lastKnownFileType = folder; path = fonts; sourceTree = "<group>"; };
		CDDF1ABC1B5DD17F00ED7F03 /* fruits.plist */ = {isa = PBXFileReference; fileEncoding = 4; lastKnownFileType = text.plist.xml; path = fruits.plist; sourceTree = "<group>"; };
		CDDF1ABD1B5DD17F00ED7F03 /* fruits.png */ = {isa = PBXFileReference; lastKnownFileType = image.png; path = fruits.png; sourceTree = "<group>"; };
		CDDF1ABE1B5DD17F00ED7F03 /* left-0.png */ = {isa = PBXFileReference; lastKnownFileType = image.png; path = "left-0.png"; sourceTree = "<group>"; };
		CDDF1ABF1B5DD17F00ED7F03 /* left-1.png */ = {isa = PBXFileReference; lastKnownFileType = image.png; path = "left-1.png"; sourceTree = "<group>"; };
		CDDF1AC01B5DD17F00ED7F03 /* numbers.plist */ = {isa = PBXFileReference; fileEncoding = 4; lastKnownFileType = text.plist.xml; path = numbers.plist; sourceTree = "<group>"; };
		CDDF1AC11B5DD17F00ED7F03 /* numbers.png */ = {isa = PBXFileReference; lastKnownFileType = image.png; path = numbers.png; sourceTree = "<group>"; };
		CDDF1AC21B5DD17F00ED7F03 /* res */ = {isa = PBXFileReference; lastKnownFileType = folder; path = res; sourceTree = "<group>"; };
		CDDF1AC41B5DD17F00ED7F03 /* right-0.png */ = {isa = PBXFileReference; lastKnownFileType = image.png; path = "right-0.png"; sourceTree = "<group>"; };
		CDDF1AC51B5DD17F00ED7F03 /* right-1.png */ = {isa = PBXFileReference; lastKnownFileType = image.png; path = "right-1.png"; sourceTree = "<group>"; };
		D44C620B132DFF330009C878 /* OpenAL.framework */ = {isa = PBXFileReference; lastKnownFileType = wrapper.framework; name = OpenAL.framework; path = System/Library/Frameworks/OpenAL.framework; sourceTree = SDKROOT; };
		D44C620D132DFF430009C878 /* AVFoundation.framework */ = {isa = PBXFileReference; lastKnownFileType = wrapper.framework; name = AVFoundation.framework; path = System/Library/Frameworks/AVFoundation.framework; sourceTree = SDKROOT; };
		D44C620F132DFF4E0009C878 /* AudioToolbox.framework */ = {isa = PBXFileReference; lastKnownFileType = wrapper.framework; name = AudioToolbox.framework; path = System/Library/Frameworks/AudioToolbox.framework; sourceTree = SDKROOT; };
		D6B0611A1803AB670077942B /* CoreMotion.framework */ = {isa = PBXFileReference; lastKnownFileType = wrapper.framework; name = CoreMotion.framework; path = Platforms/iPhoneOS.platform/Developer/SDKs/iPhoneOS7.0.sdk/System/Library/Frameworks/CoreMotion.framework; sourceTree = DEVELOPER_DIR; };
/* End PBXFileReference section */

/* Begin PBXFrameworksBuildPhase section */
		1D60588F0D05DD3D006BFB54 /* Frameworks */ = {
			isa = PBXFrameworksBuildPhase;
			buildActionMask = 2147483647;
			files = (
				2A4403C321A503E200F4C952 /* CoreText.framework in Frameworks */,
				2AEFBFC921A43B4600A7D644 /* libiconv.tbd in Frameworks */,
				52B47A471A53D09C004E4C60 /* Security.framework in Frameworks */,
				1AC6FB30180E99EB004C840B /* libcocos2d iOS.a in Frameworks */,
				D6B0611B1803AB670077942B /* CoreMotion.framework in Frameworks */,
				1D60589F0D05DD5A006BFB54 /* Foundation.framework in Frameworks */,
				1DF5F4E00D08C38300B7A737 /* UIKit.framework in Frameworks */,
				288765A50DF7441C002DB57D /* CoreGraphics.framework in Frameworks */,
				BF171245129291EC00B8313A /* OpenGLES.framework in Frameworks */,
				BF1712471292920000B8313A /* libz.dylib in Frameworks */,
				BF1C47F01293687400B63C5D /* QuartzCore.framework in Frameworks */,
				D44C620C132DFF330009C878 /* OpenAL.framework in Frameworks */,
				D44C620E132DFF430009C878 /* AVFoundation.framework in Frameworks */,
				D44C6210132DFF4E0009C878 /* AudioToolbox.framework in Frameworks */,
			);
			runOnlyForDeploymentPostprocessing = 0;
		};
		5087E75C17EB910900C73F5D /* Frameworks */ = {
			isa = PBXFrameworksBuildPhase;
			buildActionMask = 2147483647;
			files = (
				2AEFBFCB21A43B5B00A7D644 /* libiconv.tbd in Frameworks */,
				1AC6FB21180E996B004C840B /* libcocos2d Mac.a in Frameworks */,
				5087E76717EB910900C73F5D /* libz.dylib in Frameworks */,
				8262943E1AAF051F00CB7CF7 /* Security.framework in Frameworks */,
				503AE11B17EB9C5A00D1A890 /* IOKit.framework in Frameworks */,
				5087E78B17EB975400C73F5D /* OpenGL.framework in Frameworks */,
				5087E78917EB974C00C73F5D /* AppKit.framework in Frameworks */,
				5087E76317EB910900C73F5D /* Foundation.framework in Frameworks */,
				5087E76817EB910900C73F5D /* QuartzCore.framework in Frameworks */,
				5087E76917EB910900C73F5D /* OpenAL.framework in Frameworks */,
				5087E76A17EB910900C73F5D /* AVFoundation.framework in Frameworks */,
				5087E76B17EB910900C73F5D /* AudioToolbox.framework in Frameworks */,
			);
			runOnlyForDeploymentPostprocessing = 0;
		};
/* End PBXFrameworksBuildPhase section */

/* Begin PBXGroup section */
		080E96DDFE201D6D7F000001 /* ios */ = {
			isa = PBXGroup;
			children = (
				5087E77117EB970100C73F5D /* Icons */,
				503AE0FA17EB989F00D1A890 /* AppController.h */,
				503AE0FB17EB989F00D1A890 /* AppController.mm */,
				503AE0FC17EB989F00D1A890 /* main.m */,
				503AE0FD17EB989F00D1A890 /* Prefix.pch */,
				503AE0FE17EB989F00D1A890 /* RootViewController.h */,
				503AE0FF17EB989F00D1A890 /* RootViewController.mm */,
			);
			name = ios;
			path = Classes;
			sourceTree = "<group>";
		};
		19C28FACFE9D520D11CA2CBB /* Products */ = {
			isa = PBXGroup;
			children = (
				1D6058910D05DD3D006BFB54 /* kidsudoku_cpp iOS.app */,
				5087E76F17EB910900C73F5D /* kidsudoku_cpp Mac.app */,
			);
			name = Products;
			sourceTree = "<group>";
		};
		1AC6FAE6180E9839004C840B /* Products */ = {
			isa = PBXGroup;
			children = (
				1AC6FAF9180E9839004C840B /* libcocos2d Mac.a */,
				1AC6FB07180E9839004C840B /* libcocos2d iOS.a */,
				2AEFBFBE21A43B2500A7D644 /* libcocos2d tvOS.a */,
			);
			name = Products;
			sourceTree = "<group>";
		};
		29B97314FDCFA39411CA2CEA /* CustomTemplate */ = {
			isa = PBXGroup;
			children = (
				46880B8319C43A87006E1F66 /* Classes */,
				46880B7519C43A67006E1F66 /* Resources */,
				1AC6FAE5180E9839004C840B /* cocos2d_libs.xcodeproj */,
				29B97323FDCFA39411CA2CEA /* Frameworks */,
				080E96DDFE201D6D7F000001 /* ios */,
				503AE10617EB990700D1A890 /* mac */,
				19C28FACFE9D520D11CA2CBB /* Products */,
			);
			name = CustomTemplate;
			sourceTree = "<group>";
		};
		29B97323FDCFA39411CA2CEA /* Frameworks */ = {
			isa = PBXGroup;
			children = (
				2A4403C221A503E200F4C952 /* CoreText.framework */,
				2AEFBFC821A43B4600A7D644 /* libiconv.tbd */,
				2AEFBFCA21A43B5B00A7D644 /* libiconv.tbd */,
				8262943D1AAF051F00CB7CF7 /* Security.framework */,
				52B47A461A53D09B004E4C60 /* Security.framework */,
				D6B0611A1803AB670077942B /* CoreMotion.framework */,
				503AE11A17EB9C5A00D1A890 /* IOKit.framework */,
				503AE11117EB99EE00D1A890 /* libcurl.dylib */,
				5087E78A17EB975400C73F5D /* OpenGL.framework */,
				5087E78817EB974C00C73F5D /* AppKit.framework */,
				1ACB3243164770DE00914215 /* libcurl.a */,
				BF170DB412928DE900B8313A /* libz.dylib */,
				D44C620F132DFF4E0009C878 /* AudioToolbox.framework */,
				D44C620D132DFF430009C878 /* AVFoundation.framework */,
				288765A40DF7441C002DB57D /* CoreGraphics.framework */,
				1D30AB110D05D00D00671497 /* Foundation.framework */,
				D44C620B132DFF330009C878 /* OpenAL.framework */,
				BF170DB012928DE900B8313A /* OpenGLES.framework */,
				BF1C47EA1293683800B63C5D /* QuartzCore.framework */,
				1DF5F4DF0D08C38300B7A737 /* UIKit.framework */,
			);
			name = Frameworks;
			sourceTree = "<group>";
		};
		46880B7519C43A67006E1F66 /* Resources */ = {
			isa = PBXGroup;
			children = (
				2AEFBFBF21A43B2500A7D644 /* back1.png */,
				2AEFBFC221A43B2600A7D644 /* reset0.png */,
				2AEFBFBB21A43B2500A7D644 /* reset1.png */,
				2AEFBFC021A43B2500A7D644 /* undo0.png */,
				2AEFBFC121A43B2500A7D644 /* undo1.png */,
				CDDF1AAF1B5DD17F00ED7F03 /* animals.plist */,
				CDDF1AB01B5DD17F00ED7F03 /* animals.png */,
				CDDF1AB21B5DD17F00ED7F03 /* btn-menu-0.png */,
				CDDF1AB31B5DD17F00ED7F03 /* btn-menu-1.png */,
				CDDF1AB41B5DD17F00ED7F03 /* btn-menu-2.png */,
				CDDF1AB51B5DD17F00ED7F03 /* btn-stage-0.png */,
				CDDF1AB61B5DD17F00ED7F03 /* btn-stage-1.png */,
				CDDF1AB71B5DD17F00ED7F03 /* btn-stage-2.png */,
				CDDF1AB81B5DD17F00ED7F03 /* close.png */,
				CDDF1AB91B5DD17F00ED7F03 /* data */,
				CDDF1ABA1B5DD17F00ED7F03 /* finished.png */,
				CDDF1ABB1B5DD17F00ED7F03 /* fonts */,
				CDDF1ABC1B5DD17F00ED7F03 /* fruits.plist */,
				CDDF1ABD1B5DD17F00ED7F03 /* fruits.png */,
				CDDF1ABE1B5DD17F00ED7F03 /* left-0.png */,
				CDDF1ABF1B5DD17F00ED7F03 /* left-1.png */,
				CDDF1AC01B5DD17F00ED7F03 /* numbers.plist */,
				CDDF1AC11B5DD17F00ED7F03 /* numbers.png */,
				CDDF1AC21B5DD17F00ED7F03 /* res */,
				CDDF1AC41B5DD17F00ED7F03 /* right-0.png */,
				CDDF1AC51B5DD17F00ED7F03 /* right-1.png */,
			);
			name = Resources;
			path = ../Resources;
			sourceTree = "<group>";
		};
		46880B8319C43A87006E1F66 /* Classes */ = {
			isa = PBXGroup;
			children = (
				2AB8734F21A57DCE00B02E02 /* ScreenLog.cpp */,
				2AB8735021A57DCF00B02E02 /* ScreenLog.h */,
				CDDF1A231B5DC71E00ED7F03 /* AppDelegate.cpp */,
				CDDF1A241B5DC71E00ED7F03 /* AppDelegate.h */,
				CDDF1A251B5DC71E00ED7F03 /* CampaignData.cpp */,
				CDDF1A261B5DC71E00ED7F03 /* CampaignData.h */,
				CDDF1A271B5DC71E00ED7F03 /* CampaignScene.cpp */,
				CDDF1A281B5DC71E00ED7F03 /* CampaignScene.h */,
				CDDF1A291B5DC71E00ED7F03 /* Const.h */,
				CDDF1A2A1B5DC71E00ED7F03 /* GameController.cpp */,
				CDDF1A2B1B5DC71E00ED7F03 /* GameController.h */,
				CDDF1A2C1B5DC71E00ED7F03 /* Lock.h */,
				CDDF1A2D1B5DC71E00ED7F03 /* MainScene.cpp */,
				CDDF1A2E1B5DC71E00ED7F03 /* MainScene.h */,
				CDDF1A2F1B5DC71E00ED7F03 /* NumberBar.cpp */,
				CDDF1A301B5DC71E00ED7F03 /* NumberBar.h */,
				CDDF1A311B5DC71E00ED7F03 /* RandomStageScene.cpp */,
				CDDF1A321B5DC71E00ED7F03 /* RandomStageScene.h */,
				CDDF1A331B5DC71E00ED7F03 /* RealTableView.cpp */,
				CDDF1A341B5DC71E00ED7F03 /* RealTableView.h */,
				CDDF1A351B5DC71E00ED7F03 /* StageData.cpp */,
				CDDF1A361B5DC71E00ED7F03 /* StageData.h */,
				CDDF1A371B5DC71E00ED7F03 /* StageScene.cpp */,
				CDDF1A381B5DC71E00ED7F03 /* StageScene.h */,
				CDDF1A391B5DC71E00ED7F03 /* SudokuBox.cpp */,
				CDDF1A3A1B5DC71E00ED7F03 /* SudokuBox.h */,
				CDDF1A3B1B5DC71E00ED7F03 /* SudokuUtil.cpp */,
				CDDF1A3C1B5DC71E00ED7F03 /* SudokuUtil.h */,
				CDDF1A3D1B5DC71E00ED7F03 /* VictoryLayer.cpp */,
				CDDF1A3E1B5DC71E00ED7F03 /* VictoryLayer.h */,
			);
			name = Classes;
			path = ../Classes;
			sourceTree = "<group>";
		};
		503AE0F517EB97AB00D1A890 /* Icons */ = {
			isa = PBXGroup;
			children = (
				503AE0F617EB97AB00D1A890 /* Icon.icns */,
				503AE0F717EB97AB00D1A890 /* Info.plist */,
			);
			name = Icons;
			path = mac;
			sourceTree = SOURCE_ROOT;
		};
		503AE10617EB990700D1A890 /* mac */ = {
			isa = PBXGroup;
			children = (
				503AE0F517EB97AB00D1A890 /* Icons */,
				503AE10317EB98FF00D1A890 /* main.cpp */,
				503AE10417EB98FF00D1A890 /* Prefix.pch */,
			);
			name = mac;
			sourceTree = "<group>";
		};
		5087E77117EB970100C73F5D /* Icons */ = {
			isa = PBXGroup;
			children = (
				521A8E6219F0C34300D177D7 /* Default-667h@2x.png */,
				521A8E6319F0C34300D177D7 /* Default-736h@3x.png */,
				5087E77217EB970100C73F5D /* Default-568h@2x.png */,
				5087E77317EB970100C73F5D /* Default.png */,
				5087E77417EB970100C73F5D /* Default@2x.png */,
				50EF62A017ECD613001EB2F8 /* Icon-29.png */,
				50EF62A117ECD613001EB2F8 /* Icon-50.png */,
				50EF629217ECD46A001EB2F8 /* Icon-40.png */,
				50EF629317ECD46A001EB2F8 /* Icon-58.png */,
				50EF629417ECD46A001EB2F8 /* Icon-80.png */,
				50EF629517ECD46A001EB2F8 /* Icon-100.png */,
				5087E77517EB970100C73F5D /* Icon-114.png */,
				5087E77617EB970100C73F5D /* Icon-120.png */,
				5087E77717EB970100C73F5D /* Icon-144.png */,
				5087E77817EB970100C73F5D /* Icon-152.png */,
				5087E77917EB970100C73F5D /* Icon-57.png */,
				5087E77A17EB970100C73F5D /* Icon-72.png */,
				5087E77B17EB970100C73F5D /* Icon-76.png */,
				5087E77C17EB970100C73F5D /* Info.plist */,
			);
			name = Icons;
			path = ios;
			sourceTree = SOURCE_ROOT;
		};
/* End PBXGroup section */

/* Begin PBXNativeTarget section */
		1D6058900D05DD3D006BFB54 /* kidsudoku_cpp iOS */ = {
			isa = PBXNativeTarget;
			buildConfigurationList = 1D6058960D05DD3E006BFB54 /* Build configuration list for PBXNativeTarget "kidsudoku_cpp iOS" */;
			buildPhases = (
				1D60588D0D05DD3D006BFB54 /* Resources */,
				1D60588E0D05DD3D006BFB54 /* Sources */,
				1D60588F0D05DD3D006BFB54 /* Frameworks */,
			);
			buildRules = (
			);
			dependencies = (
				1AC6FB25180E99E1004C840B /* PBXTargetDependency */,
			);
			name = "kidsudoku_cpp iOS";
			productName = iphone;
			productReference = 1D6058910D05DD3D006BFB54 /* kidsudoku_cpp iOS.app */;
			productType = "com.apple.product-type.application";
		};
		5087E73D17EB910900C73F5D /* kidsudoku_cpp Mac */ = {
			isa = PBXNativeTarget;
			buildConfigurationList = 5087E76C17EB910900C73F5D /* Build configuration list for PBXNativeTarget "kidsudoku_cpp Mac" */;
			buildPhases = (
				5087E74817EB910900C73F5D /* Resources */,
				5087E75617EB910900C73F5D /* Sources */,
				5087E75C17EB910900C73F5D /* Frameworks */,
			);
			buildRules = (
			);
			dependencies = (
				1AC6FB16180E9959004C840B /* PBXTargetDependency */,
			);
			name = "kidsudoku_cpp Mac";
			productName = iphone;
			productReference = 5087E76F17EB910900C73F5D /* kidsudoku_cpp Mac.app */;
			productType = "com.apple.product-type.application";
		};
/* End PBXNativeTarget section */

/* Begin PBXProject section */
		29B97313FDCFA39411CA2CEA /* Project object */ = {
			isa = PBXProject;
			attributes = {
				LastUpgradeCheck = 0500;
				TargetAttributes = {
					1D6058900D05DD3D006BFB54 = {
						DevelopmentTeam = 835UHLRK6Z;
					};
				};
			};
			buildConfigurationList = C01FCF4E08A954540054247B /* Build configuration list for PBXProject "kidsudoku_cpp" */;
			compatibilityVersion = "Xcode 3.2";
			developmentRegion = English;
			hasScannedForEncodings = 1;
			knownRegions = (
				English,
				Japanese,
				French,
				German,
			);
			mainGroup = 29B97314FDCFA39411CA2CEA /* CustomTemplate */;
			projectDirPath = "";
			projectReferences = (
				{
					ProductGroup = 1AC6FAE6180E9839004C840B /* Products */;
					ProjectRef = 1AC6FAE5180E9839004C840B /* cocos2d_libs.xcodeproj */;
				},
			);
			projectRoot = "";
			targets = (
				1D6058900D05DD3D006BFB54 /* kidsudoku_cpp iOS */,
				5087E73D17EB910900C73F5D /* kidsudoku_cpp Mac */,
			);
		};
/* End PBXProject section */

/* Begin PBXReferenceProxy section */
		1AC6FAF9180E9839004C840B /* libcocos2d Mac.a */ = {
			isa = PBXReferenceProxy;
			fileType = archive.ar;
			path = "libcocos2d Mac.a";
			remoteRef = 1AC6FAF8180E9839004C840B /* PBXContainerItemProxy */;
			sourceTree = BUILT_PRODUCTS_DIR;
		};
		1AC6FB07180E9839004C840B /* libcocos2d iOS.a */ = {
			isa = PBXReferenceProxy;
			fileType = archive.ar;
			path = "libcocos2d iOS.a";
			remoteRef = 1AC6FB06180E9839004C840B /* PBXContainerItemProxy */;
			sourceTree = BUILT_PRODUCTS_DIR;
		};
		2AEFBFBE21A43B2500A7D644 /* libcocos2d tvOS.a */ = {
			isa = PBXReferenceProxy;
			fileType = archive.ar;
			path = "libcocos2d tvOS.a";
			remoteRef = 2AEFBFBD21A43B2500A7D644 /* PBXContainerItemProxy */;
			sourceTree = BUILT_PRODUCTS_DIR;
		};
/* End PBXReferenceProxy section */

/* Begin PBXResourcesBuildPhase section */
		1D60588D0D05DD3D006BFB54 /* Resources */ = {
			isa = PBXResourcesBuildPhase;
			buildActionMask = 2147483647;
			files = (
				5087E78117EB970100C73F5D /* Icon-120.png in Resources */,
				2AEFBFC621A43B2600A7D644 /* undo1.png in Resources */,
				5087E78617EB970100C73F5D /* Icon-76.png in Resources */,
				5087E77F17EB970100C73F5D /* Default@2x.png in Resources */,
				50EF629917ECD46A001EB2F8 /* Icon-100.png in Resources */,
				5087E78317EB970100C73F5D /* Icon-152.png in Resources */,
				5087E77D17EB970100C73F5D /* Default-568h@2x.png in Resources */,
				5087E78517EB970100C73F5D /* Icon-72.png in Resources */,
				2AEFBFC321A43B2600A7D644 /* reset1.png in Resources */,
				521A8E6519F0C34300D177D7 /* Default-736h@3x.png in Resources */,
				50EF62A317ECD613001EB2F8 /* Icon-50.png in Resources */,
				2AEFBFC721A43B2600A7D644 /* reset0.png in Resources */,
				5087E78017EB970100C73F5D /* Icon-114.png in Resources */,
				CDDF1AE11B5DD17F00ED7F03 /* fruits.plist in Resources */,
				CDDF1AD51B5DD17F00ED7F03 /* btn-stage-1.png in Resources */,
				CDDF1ADF1B5DD17F00ED7F03 /* fonts in Resources */,
				CDDF1AE71B5DD17F00ED7F03 /* left-1.png in Resources */,
				CDDF1AF31B5DD17F00ED7F03 /* right-1.png in Resources */,
				CDDF1AD71B5DD17F00ED7F03 /* btn-stage-2.png in Resources */,
				CDDF1AE91B5DD17F00ED7F03 /* numbers.plist in Resources */,
				CDDF1AE31B5DD17F00ED7F03 /* fruits.png in Resources */,
				CDDF1AF11B5DD17F00ED7F03 /* right-0.png in Resources */,
				CDDF1ACF1B5DD17F00ED7F03 /* btn-menu-1.png in Resources */,
				CDDF1AC71B5DD17F00ED7F03 /* animals.plist in Resources */,
				CDDF1ACD1B5DD17F00ED7F03 /* btn-menu-0.png in Resources */,
				50EF62A217ECD613001EB2F8 /* Icon-29.png in Resources */,
				50EF629617ECD46A001EB2F8 /* Icon-40.png in Resources */,
				CDDF1AD91B5DD17F00ED7F03 /* close.png in Resources */,
				CDDF1ADD1B5DD17F00ED7F03 /* finished.png in Resources */,
				5087E78217EB970100C73F5D /* Icon-144.png in Resources */,
				2AEFBFC421A43B2600A7D644 /* back1.png in Resources */,
				CDDF1ADB1B5DD17F00ED7F03 /* data in Resources */,
				CDDF1AE51B5DD17F00ED7F03 /* left-0.png in Resources */,
				50EF629817ECD46A001EB2F8 /* Icon-80.png in Resources */,
				CDDF1AC91B5DD17F00ED7F03 /* animals.png in Resources */,
				CDDF1AD31B5DD17F00ED7F03 /* btn-stage-0.png in Resources */,
				5087E78417EB970100C73F5D /* Icon-57.png in Resources */,
				5087E77E17EB970100C73F5D /* Default.png in Resources */,
				521A8E6419F0C34300D177D7 /* Default-667h@2x.png in Resources */,
				CDDF1AEB1B5DD17F00ED7F03 /* numbers.png in Resources */,
				CDDF1AD11B5DD17F00ED7F03 /* btn-menu-2.png in Resources */,
				2AEFBFC521A43B2600A7D644 /* undo0.png in Resources */,
				50EF629717ECD46A001EB2F8 /* Icon-58.png in Resources */,
				CDDF1AED1B5DD17F00ED7F03 /* res in Resources */,
			);
			runOnlyForDeploymentPostprocessing = 0;
		};
		5087E74817EB910900C73F5D /* Resources */ = {
			isa = PBXResourcesBuildPhase;
			buildActionMask = 2147483647;
			files = (
				2A4403C521A526C200F4C952 /* reset0.png in Resources */,
				CDDF1AF71B5DD25500ED7F03 /* animals.plist in Resources */,
				2A4403C721A526C200F4C952 /* undo0.png in Resources */,
				CDDF1AF81B5DD25500ED7F03 /* animals.png in Resources */,
				CDDF1AFA1B5DD25500ED7F03 /* btn-menu-0.png in Resources */,
				CDDF1AFB1B5DD25500ED7F03 /* btn-menu-1.png in Resources */,
				CDDF1AFC1B5DD25500ED7F03 /* btn-menu-2.png in Resources */,
				CDDF1AFD1B5DD25500ED7F03 /* btn-stage-0.png in Resources */,
				CDDF1AFE1B5DD25500ED7F03 /* btn-stage-1.png in Resources */,
				CDDF1AFF1B5DD25500ED7F03 /* btn-stage-2.png in Resources */,
				CDDF1B001B5DD25500ED7F03 /* close.png in Resources */,
				CDDF1B011B5DD25500ED7F03 /* data in Resources */,
				CDDF1B021B5DD25500ED7F03 /* finished.png in Resources */,
				2A4403C421A526C200F4C952 /* back1.png in Resources */,
				CDDF1B031B5DD25500ED7F03 /* fonts in Resources */,
				CDDF1B041B5DD25500ED7F03 /* fruits.plist in Resources */,
				CDDF1B051B5DD25500ED7F03 /* fruits.png in Resources */,
				CDDF1B061B5DD25500ED7F03 /* left-0.png in Resources */,
				CDDF1B071B5DD25500ED7F03 /* left-1.png in Resources */,
				CDDF1B081B5DD25500ED7F03 /* numbers.plist in Resources */,
				2A4403C621A526C200F4C952 /* reset1.png in Resources */,
				CDDF1B091B5DD25500ED7F03 /* numbers.png in Resources */,
				CDDF1B0A1B5DD25500ED7F03 /* res in Resources */,
				CDDF1B0C1B5DD25500ED7F03 /* right-0.png in Resources */,
				2A4403C821A526C200F4C952 /* undo1.png in Resources */,
				CDDF1B0D1B5DD25500ED7F03 /* right-1.png in Resources */,
				503AE0F817EB97AB00D1A890 /* Icon.icns in Resources */,
			);
			runOnlyForDeploymentPostprocessing = 0;
		};
/* End PBXResourcesBuildPhase section */

/* Begin PBXSourcesBuildPhase section */
		1D60588E0D05DD3D006BFB54 /* Sources */ = {
			isa = PBXSourcesBuildPhase;
			buildActionMask = 2147483647;
			files = (
				CDDF1A471B5DC71E00ED7F03 /* StageData.cpp in Sources */,
				CDDF1A411B5DC71E00ED7F03 /* CampaignScene.cpp in Sources */,
				CDDF1A431B5DC71E00ED7F03 /* MainScene.cpp in Sources */,
				CDDF1A441B5DC71E00ED7F03 /* NumberBar.cpp in Sources */,
				CDDF1A401B5DC71E00ED7F03 /* CampaignData.cpp in Sources */,
				CDDF1A4A1B5DC71E00ED7F03 /* SudokuUtil.cpp in Sources */,
				CDDF1A421B5DC71E00ED7F03 /* GameController.cpp in Sources */,
				2AB8735121A57DCF00B02E02 /* ScreenLog.cpp in Sources */,
				CDDF1A3F1B5DC71E00ED7F03 /* AppDelegate.cpp in Sources */,
				CDDF1A451B5DC71E00ED7F03 /* RandomStageScene.cpp in Sources */,
				503AE10017EB989F00D1A890 /* AppController.mm in Sources */,
				503AE10217EB989F00D1A890 /* RootViewController.mm in Sources */,
				CDDF1A491B5DC71E00ED7F03 /* SudokuBox.cpp in Sources */,
				503AE10117EB989F00D1A890 /* main.m in Sources */,
				CDDF1A481B5DC71E00ED7F03 /* StageScene.cpp in Sources */,
				CDDF1A4B1B5DC71E00ED7F03 /* VictoryLayer.cpp in Sources */,
				CDDF1A461B5DC71E00ED7F03 /* RealTableView.cpp in Sources */,
			);
			runOnlyForDeploymentPostprocessing = 0;
		};
		5087E75617EB910900C73F5D /* Sources */ = {
			isa = PBXSourcesBuildPhase;
			buildActionMask = 2147483647;
			files = (
				CDDF1A4C1B5DCED900ED7F03 /* AppDelegate.cpp in Sources */,
				CDDF1A4E1B5DCED900ED7F03 /* CampaignData.cpp in Sources */,
				CDDF1A501B5DCED900ED7F03 /* CampaignScene.cpp in Sources */,
				CDDF1A531B5DCED900ED7F03 /* GameController.cpp in Sources */,
				CDDF1A561B5DCED900ED7F03 /* MainScene.cpp in Sources */,
				CDDF1A581B5DCED900ED7F03 /* NumberBar.cpp in Sources */,
				CDDF1A5A1B5DCED900ED7F03 /* RandomStageScene.cpp in Sources */,
				CDDF1A5C1B5DCED900ED7F03 /* RealTableView.cpp in Sources */,
				CDDF1A5E1B5DCED900ED7F03 /* StageData.cpp in Sources */,
				2AB8735221A57DD300B02E02 /* ScreenLog.cpp in Sources */,
				CDDF1A601B5DCED900ED7F03 /* StageScene.cpp in Sources */,
				CDDF1A621B5DCED900ED7F03 /* SudokuBox.cpp in Sources */,
				CDDF1A641B5DCED900ED7F03 /* SudokuUtil.cpp in Sources */,
				CDDF1A661B5DCED900ED7F03 /* VictoryLayer.cpp in Sources */,
				503AE10517EB98FF00D1A890 /* main.cpp in Sources */,
			);
			runOnlyForDeploymentPostprocessing = 0;
		};
/* End PBXSourcesBuildPhase section */

/* Begin PBXTargetDependency section */
		1AC6FB16180E9959004C840B /* PBXTargetDependency */ = {
			isa = PBXTargetDependency;
			name = "cocos2dx Mac";
			targetProxy = 1AC6FB15180E9959004C840B /* PBXContainerItemProxy */;
		};
		1AC6FB25180E99E1004C840B /* PBXTargetDependency */ = {
			isa = PBXTargetDependency;
			name = "cocos2dx iOS";
			targetProxy = 1AC6FB24180E99E1004C840B /* PBXContainerItemProxy */;
		};
/* End PBXTargetDependency section */

/* Begin XCBuildConfiguration section */
		1D6058940D05DD3E006BFB54 /* Debug */ = {
			isa = XCBuildConfiguration;
			buildSettings = {
				ALWAYS_SEARCH_USER_PATHS = YES;
				CODE_SIGN_IDENTITY = "iPhone Developer";
				COMPRESS_PNG_FILES = NO;
				DEVELOPMENT_TEAM = 835UHLRK6Z;
				ENABLE_BITCODE = NO;
				GCC_DYNAMIC_NO_PIC = NO;
				GCC_INLINES_ARE_PRIVATE_EXTERN = NO;
				GCC_PRECOMPILE_PREFIX_HEADER = YES;
				GCC_PREFIX_HEADER = ios/Prefix.pch;
				GCC_PREPROCESSOR_DEFINITIONS = (
					USE_FILE32API,
					CC_TARGET_OS_IPHONE,
					"COCOS2D_DEBUG=1",
					"CC_ENABLE_CHIPMUNK_INTEGRATION=1",
				);
				GCC_SYMBOLS_PRIVATE_EXTERN = NO;
				HEADER_SEARCH_PATHS = (
					"$(inherited)",
					"$(SRCROOT)/../cocos2d/cocos/platform/ios",
					"$(SRCROOT)/../cocos2d/cocos/platform/ios/Simulation",
				);
				INFOPLIST_FILE = ios/Info.plist;
				IPHONEOS_DEPLOYMENT_TARGET = 8.0;
				LIBRARY_SEARCH_PATHS = "";
				OTHER_LDFLAGS = (
					"$(_COCOS_LIB_IOS_BEGIN)",
					"$(_COCOS_LIB_IOS_END)",
				);
				SDKROOT = iphoneos;
				STRIP_PNG_TEXT = NO;
				TARGETED_DEVICE_FAMILY = "1,2";
				USER_HEADER_SEARCH_PATHS = "$(_COCOS_HEADER_IOS_BEGIN) $(_COCOS_HEADER_IOS_END)";
				VALID_ARCHS = "arm64 armv7";
			};
			name = Debug;
		};
		1D6058950D05DD3E006BFB54 /* Release */ = {
			isa = XCBuildConfiguration;
			buildSettings = {
				ALWAYS_SEARCH_USER_PATHS = YES;
				CODE_SIGN_IDENTITY = "iPhone Developer";
				COMPRESS_PNG_FILES = NO;
				DEVELOPMENT_TEAM = 835UHLRK6Z;
				ENABLE_BITCODE = NO;
				GCC_INLINES_ARE_PRIVATE_EXTERN = NO;
				GCC_PRECOMPILE_PREFIX_HEADER = YES;
				GCC_PREFIX_HEADER = ios/Prefix.pch;
				GCC_PREPROCESSOR_DEFINITIONS = (
					USE_FILE32API,
					CC_TARGET_OS_IPHONE,
					"CC_ENABLE_CHIPMUNK_INTEGRATION=1",
				);
				GCC_SYMBOLS_PRIVATE_EXTERN = NO;
				HEADER_SEARCH_PATHS = (
					"$(inherited)",
					"$(SRCROOT)/../cocos2d/cocos/platform/ios",
					"$(SRCROOT)/../cocos2d/cocos/platform/ios/Simulation",
				);
				INFOPLIST_FILE = ios/Info.plist;
				IPHONEOS_DEPLOYMENT_TARGET = 8.0;
				LIBRARY_SEARCH_PATHS = "";
				OTHER_LDFLAGS = (
					"$(_COCOS_LIB_IOS_BEGIN)",
					"$(_COCOS_LIB_IOS_END)",
				);
				SDKROOT = iphoneos;
				STRIP_PNG_TEXT = NO;
				TARGETED_DEVICE_FAMILY = "1,2";
				USER_HEADER_SEARCH_PATHS = "$(_COCOS_HEADER_IOS_BEGIN) $(_COCOS_HEADER_IOS_END)";
				VALID_ARCHS = "arm64 armv7";
			};
			name = Release;
		};
		5087E76D17EB910900C73F5D /* Debug */ = {
			isa = XCBuildConfiguration;
			buildSettings = {
				ALWAYS_SEARCH_USER_PATHS = YES;
				ARCHS = "$(ARCHS_STANDARD_64_BIT)";
				CLANG_CXX_LANGUAGE_STANDARD = "c++0x";
				CLANG_CXX_LIBRARY = "libc++";
				GCC_DYNAMIC_NO_PIC = NO;
				GCC_INLINES_ARE_PRIVATE_EXTERN = NO;
				GCC_PRECOMPILE_PREFIX_HEADER = YES;
				GCC_PREFIX_HEADER = mac/Prefix.pch;
				GCC_PREPROCESSOR_DEFINITIONS = (
					USE_FILE32API,
					CC_TARGET_OS_MAC,
					"COCOS2D_DEBUG=1",
					"CC_ENABLE_CHIPMUNK_INTEGRATION=1",
				);
				GCC_SYMBOLS_PRIVATE_EXTERN = NO;
				HEADER_SEARCH_PATHS = (
					"$(inherited)",
					"$(SRCROOT)/../cocos2d/cocos/platform/mac",
					"$(SRCROOT)/../cocos2d/external/glfw3/include/mac",
				);
				INFOPLIST_FILE = mac/Info.plist;
				LIBRARY_SEARCH_PATHS = "";
				OTHER_LDFLAGS = (
					"$(_COCOS_LIB_MAC_BEGIN)",
					"$(_COCOS_LIB_MAC_END)",
				);
				USER_HEADER_SEARCH_PATHS = "$(_COCOS_HEADER_MAC_BEGIN) $(_COCOS_HEADER_MAC_END)";
			};
			name = Debug;
		};
		5087E76E17EB910900C73F5D /* Release */ = {
			isa = XCBuildConfiguration;
			buildSettings = {
				ALWAYS_SEARCH_USER_PATHS = YES;
				ARCHS = "$(ARCHS_STANDARD_64_BIT)";
				CLANG_CXX_LANGUAGE_STANDARD = "c++0x";
				CLANG_CXX_LIBRARY = "libc++";
				GCC_INLINES_ARE_PRIVATE_EXTERN = NO;
				GCC_PRECOMPILE_PREFIX_HEADER = YES;
				GCC_PREFIX_HEADER = mac/Prefix.pch;
				GCC_PREPROCESSOR_DEFINITIONS = (
					USE_FILE32API,
					CC_TARGET_OS_MAC,
					"CC_ENABLE_CHIPMUNK_INTEGRATION=1",
				);
				GCC_SYMBOLS_PRIVATE_EXTERN = NO;
				HEADER_SEARCH_PATHS = (
					"$(inherited)",
					"$(SRCROOT)/../cocos2d/cocos/platform/mac",
					"$(SRCROOT)/../cocos2d/external/glfw3/include/mac",
				);
				INFOPLIST_FILE = mac/Info.plist;
				LIBRARY_SEARCH_PATHS = "";
				OTHER_LDFLAGS = (
					"$(_COCOS_LIB_MAC_BEGIN)",
					"$(_COCOS_LIB_MAC_END)",
				);
				USER_HEADER_SEARCH_PATHS = "$(_COCOS_HEADER_MAC_BEGIN) $(_COCOS_HEADER_MAC_END)";
			};
			name = Release;
		};
		C01FCF4F08A954540054247B /* Debug */ = {
			isa = XCBuildConfiguration;
			buildSettings = {
				CLANG_CXX_LANGUAGE_STANDARD = "c++0x";
				CLANG_CXX_LIBRARY = "libc++";
				COPY_PHASE_STRIP = NO;
				GCC_OPTIMIZATION_LEVEL = 0;
				GCC_WARN_ABOUT_RETURN_TYPE = YES;
				GCC_WARN_UNUSED_VARIABLE = YES;
				HEADER_SEARCH_PATHS = (
					"$(SRCROOT)/../cocos2d",
					"$(SRCROOT)/../cocos2d/cocos",
					"$(SRCROOT)/../cocos2d/cocos/base",
					"$(SRCROOT)/../cocos2d/cocos/physics",
					"$(SRCROOT)/../cocos2d/cocos/math",
					"$(SRCROOT)/../cocos2d/cocos/2d",
					"$(SRCROOT)/../cocos2d/cocos/ui",
					"$(SRCROOT)/../cocos2d/cocos/network",
					"$(SRCROOT)/../cocos2d/cocos/audio/include",
					"$(SRCROOT)/../cocos2d/cocos/editor-support",
					"$(SRCROOT)/../cocos2d/extensions",
					"$(SRCROOT)/../cocos2d/external",
					"$(SRCROOT)/../cocos2d/external/chipmunk/include/chipmunk",
				);
				IPHONEOS_DEPLOYMENT_TARGET = 8.0;
				MACOSX_DEPLOYMENT_TARGET = 10.7;
				ONLY_ACTIVE_ARCH = YES;
				PRODUCT_NAME = "$(TARGET_NAME)";
				SDKROOT = macosx;
			};
			name = Debug;
		};
		C01FCF5008A954540054247B /* Release */ = {
			isa = XCBuildConfiguration;
			buildSettings = {
				CLANG_CXX_LANGUAGE_STANDARD = "c++0x";
				CLANG_CXX_LIBRARY = "libc++";
				GCC_WARN_ABOUT_RETURN_TYPE = YES;
				GCC_WARN_UNUSED_VARIABLE = YES;
				HEADER_SEARCH_PATHS = (
					"$(SRCROOT)/../cocos2d",
					"$(SRCROOT)/../cocos2d/cocos",
					"$(SRCROOT)/../cocos2d/cocos/base",
					"$(SRCROOT)/../cocos2d/cocos/physics",
					"$(SRCROOT)/../cocos2d/cocos/math",
					"$(SRCROOT)/../cocos2d/cocos/2d",
					"$(SRCROOT)/../cocos2d/cocos/ui",
					"$(SRCROOT)/../cocos2d/cocos/network",
					"$(SRCROOT)/../cocos2d/cocos/audio/include",
					"$(SRCROOT)/../cocos2d/cocos/editor-support",
					"$(SRCROOT)/../cocos2d/extensions",
					"$(SRCROOT)/../cocos2d/external",
					"$(SRCROOT)/../cocos2d/external/chipmunk/include/chipmunk",
				);
				IPHONEOS_DEPLOYMENT_TARGET = 8.0;
				MACOSX_DEPLOYMENT_TARGET = 10.7;
				OTHER_CFLAGS = "-DNS_BLOCK_ASSERTIONS=1";
				PRODUCT_NAME = "$(TARGET_NAME)";
				SDKROOT = macosx;
				VALIDATE_PRODUCT = YES;
			};
			name = Release;
		};
/* End XCBuildConfiguration section */

/* Begin XCConfigurationList section */
		1D6058960D05DD3E006BFB54 /* Build configuration list for PBXNativeTarget "kidsudoku_cpp iOS" */ = {
			isa = XCConfigurationList;
			buildConfigurations = (
				1D6058940D05DD3E006BFB54 /* Debug */,
				1D6058950D05DD3E006BFB54 /* Release */,
			);
			defaultConfigurationIsVisible = 0;
			defaultConfigurationName = Debug;
		};
		5087E76C17EB910900C73F5D /* Build configuration list for PBXNativeTarget "kidsudoku_cpp Mac" */ = {
			isa = XCConfigurationList;
			buildConfigurations = (
				5087E76D17EB910900C73F5D /* Debug */,
				5087E76E17EB910900C73F5D /* Release */,
			);
			defaultConfigurationIsVisible = 0;
			defaultConfigurationName = Debug;
		};
		C01FCF4E08A954540054247B /* Build configuration list for PBXProject "kidsudoku_cpp" */ = {
			isa = XCConfigurationList;
			buildConfigurations = (
				C01FCF4F08A954540054247B /* Debug */,
				C01FCF5008A954540054247B /* Release */,
			);
			defaultConfigurationIsVisible = 0;
			defaultConfigurationName = Debug;
		};
/* End XCConfigurationList section */
	};
	rootObject = 29B97313FDCFA39411CA2CEA /* Project object */;
}
